
Microsoft Visual Studio Solution File, Format Version 12.00
# Visual Studio Version 17
VisualStudioVersion = 17.0.31903.59
MinimumVisualStudioVersion = 10.0.40219.1
Project("{FAE04EC0-301F-11D3-BF4B-00C04F79EFBC}") = "Dima.Core", "Dima.Core\Dima.Core.csproj", "{04C86277-481D-4B0C-ACF7-43FF964851D0}"
EndProject
Project("{FAE04EC0-301F-11D3-BF4B-00C04F79EFBC}") = "Dima.Api", "Dima.Api\Dima.Api.csproj", "{359538CF-95F6-4EEA-9CAE-8680D49746CC}"
EndProject
Global
	GlobalSection(SolutionConfigurationPlatforms) = preSolution
		Debug|Any CPU = Debug|Any CPU
		Release|Any CPU = Release|Any CPU
	EndGlobalSection
	GlobalSection(SolutionProperties) = preSolution
		HideSolutionNode = FALSE
	EndGlobalSection
	GlobalSection(ProjectConfigurationPlatforms) = postSolution
		{04C86277-481D-4B0C-ACF7-43FF964851D0}.Debug|Any CPU.ActiveCfg = Debug|Any CPU
		{04C86277-481D-4B0C-ACF7-43FF964851D0}.Debug|Any CPU.Build.0 = Debug|Any CPU
		{04C86277-481D-4B0C-ACF7-43FF964851D0}.Release|Any CPU.ActiveCfg = Release|Any CPU
		{04C86277-481D-4B0C-ACF7-43FF964851D0}.Release|Any CPU.Build.0 = Release|Any CPU
		{359538CF-95F6-4EEA-9CAE-8680D49746CC}.Debug|Any CPU.ActiveCfg = Debug|Any CPU
		{359538CF-95F6-4EEA-9CAE-8680D49746CC}.Debug|Any CPU.Build.0 = Debug|Any CPU
		{359538CF-95F6-4EEA-9CAE-8680D49746CC}.Release|Any CPU.ActiveCfg = Release|Any CPU
		{359538CF-95F6-4EEA-9CAE-8680D49746CC}.Release|Any CPU.Build.0 = Release|Any CPU
	EndGlobalSection
EndGlobal
